
Microsoft Visual Studio Solution File, Format Version 12.00
# Visual Studio Version 16
VisualStudioVersion = 16.0.31729.503
MinimumVisualStudioVersion = 10.0.40219.1
Project("{FAE04EC0-301F-11D3-BF4B-00C04F79EFBC}") = "MyApp", "MyApp\MyApp.csproj", "{D502BDE1-C355-4C56-BA96-8DCB9143141E}"
EndProject
Project("{FAE04EC0-301F-11D3-BF4B-00C04F79EFBC}") = "ApplicationTests", "ApplicationTests\ApplicationTests.csproj", "{9B23525E-EB04-40A4-9A9A-64098A514EE7}"
EndProject
Global
	GlobalSection(SolutionConfigurationPlatforms) = preSolution
		Debug|Any CPU = Debug|Any CPU
		Release|Any CPU = Release|Any CPU
	EndGlobalSection
	GlobalSection(ProjectConfigurationPlatforms) = postSolution
		{D502BDE1-C355-4C56-BA96-8DCB9143141E}.Debug|Any CPU.ActiveCfg = Debug|Any CPU
		{D502BDE1-C355-4C56-BA96-8DCB9143141E}.Debug|Any CPU.Build.0 = Debug|Any CPU
		{D502BDE1-C355-4C56-BA96-8DCB9143141E}.Release|Any CPU.ActiveCfg = Release|Any CPU
		{D502BDE1-C355-4C56-BA96-8DCB9143141E}.Release|Any CPU.Build.0 = Release|Any CPU
		{9B23525E-EB04-40A4-9A9A-64098A514EE7}.Debug|Any CPU.ActiveCfg = Debug|Any CPU
		{9B23525E-EB04-40A4-9A9A-64098A514EE7}.Debug|Any CPU.Build.0 = Debug|Any CPU
		{9B23525E-EB04-40A4-9A9A-64098A514EE7}.Release|Any CPU.ActiveCfg = Release|Any CPU
		{9B23525E-EB04-40A4-9A9A-64098A514EE7}.Release|Any CPU.Build.0 = Release|Any CPU
	EndGlobalSection
	GlobalSection(SolutionProperties) = preSolution
		HideSolutionNode = FALSE
	EndGlobalSection
	GlobalSection(ExtensibilityGlobals) = postSolution
		SolutionGuid = {D09F1CF7-769F-4A2B-B1B7-355D125405AF}
	EndGlobalSection
EndGlobal
